// !$*UTF8*$!
{
	archiveVersion = 1;
	classes = {
	};
	objectVersion = 46;
	objects = {

/* Begin PBXBuildFile section */
		B70EC85C1CEC51AC0049534B /* envon.ttf in Resources */ = {isa = PBXBuildFile; fileRef = B70EC85B1CEC51AC0049534B /* envon.ttf */; };
		B717625F1CEC4D3B0043F738 /* main.m in Sources */ = {isa = PBXBuildFile; fileRef = B717625E1CEC4D3B0043F738 /* main.m */; };
		B71762621CEC4D3B0043F738 /* AppDelegate.m in Sources */ = {isa = PBXBuildFile; fileRef = B71762611CEC4D3B0043F738 /* AppDelegate.m */; };
		B71762651CEC4D3B0043F738 /* ViewController.m in Sources */ = {isa = PBXBuildFile; fileRef = B71762641CEC4D3B0043F738 /* ViewController.m */; };
		B71762681CEC4D3B0043F738 /* Main.storyboard in Resources */ = {isa = PBXBuildFile; fileRef = B71762661CEC4D3B0043F738 /* Main.storyboard */; };
		B717626A1CEC4D3B0043F738 /* Assets.xcassets in Resources */ = {isa = PBXBuildFile; fileRef = B71762691CEC4D3B0043F738 /* Assets.xcassets */; };
		B717626D1CEC4D3B0043F738 /* LaunchScreen.storyboard in Resources */ = {isa = PBXBuildFile; fileRef = B717626B1CEC4D3B0043F738 /* LaunchScreen.storyboard */; };
		B71762751CEC4ED60043F738 /* iconfont.ttf in Resources */ = {isa = PBXBuildFile; fileRef = B71762741CEC4ED60043F738 /* iconfont.ttf */; };
/* End PBXBuildFile section */

/* Begin PBXFileReference section */
		B70EC85B1CEC51AC0049534B /* envon.ttf */ = {isa = PBXFileReference; lastKnownFileType = file; path = envon.ttf; sourceTree = "<group>"; };
		B717625A1CEC4D3B0043F738 /* iconfont.app */ = {isa = PBXFileReference; explicitFileType = wrapper.application; includeInIndex = 0; path = iconfont.app; sourceTree = BUILT_PRODUCTS_DIR; };
		B717625E1CEC4D3B0043F738 /* main.m */ = {isa = PBXFileReference; lastKnownFileType = sourcecode.c.objc; path = main.m; sourceTree = "<group>"; };
		B71762601CEC4D3B0043F738 /* AppDelegate.h */ = {isa = PBXFileReference; lastKnownFileType = sourcecode.c.h; path = AppDelegate.h; sourceTree = "<group>"; };
		B71762611CEC4D3B0043F738 /* AppDelegate.m */ = {isa = PBXFileReference; lastKnownFileType = sourcecode.c.objc; path = AppDelegate.m; sourceTree = "<group>"; };
		B71762631CEC4D3B0043F738 /* ViewController.h */ = {isa = PBXFileReference; lastKnownFileType = sourcecode.c.h; path = ViewController.h; sourceTree = "<group>"; };
		B71762641CEC4D3B0043F738 /* ViewController.m */ = {isa = PBXFileReference; lastKnownFileType = sourcecode.c.objc; path = ViewController.m; sourceTree = "<group>"; };
		B71762671CEC4D3B0043F738 /* Base */ = {isa = PBXFileReference; lastKnownFileType = file.storyboard; name = Base; path = Base.lproj/Main.storyboard; sourceTree = "<group>"; };
		B71762691CEC4D3B0043F738 /* Assets.xcassets */ = {isa = PBXFileReference; lastKnownFileType = folder.assetcatalog; path = Assets.xcassets; sourceTree = "<group>"; };
		B717626C1CEC4D3B0043F738 /* Base */ = {isa = PBXFileReference; lastKnownFileType = file.storyboard; name = Base; path = Base.lproj/LaunchScreen.storyboard; sourceTree = "<group>"; };
		B717626E1CEC4D3B0043F738 /* Info.plist */ = {isa = PBXFileReference; lastKnownFileType = text.plist.xml; path = Info.plist; sourceTree = "<group>"; };
		B71762741CEC4ED60043F738 /* iconfont.ttf */ = {isa = PBXFileReference; lastKnownFileType = file; path = iconfont.ttf; sourceTree = "<group>"; };
/* End PBXFileReference section */

/* Begin PBXFrameworksBuildPhase section */
		B71762571CEC4D3B0043F738 /* Frameworks */ = {
			isa = PBXFrameworksBuildPhase;
			buildActionMask = 2147483647;
			files = (
			);
			runOnlyForDeploymentPostprocessing = 0;
		};
/* End PBXFrameworksBuildPhase section */

/* Begin PBXGroup section */
		B71762511CEC4D3B0043F738 = {
			isa = PBXGroup;
			children = (
				B717625C1CEC4D3B0043F738 /* iconfont */,
				B717625B1CEC4D3B0043F738 /* Products */,
			);
			sourceTree = "<group>";
		};
		B717625B1CEC4D3B0043F738 /* Products */ = {
			isa = PBXGroup;
			children = (
				B717625A1CEC4D3B0043F738 /* iconfont.app */,
			);
			name = Products;
			sourceTree = "<group>";
		};
		B717625C1CEC4D3B0043F738 /* iconfont */ = {
			isa = PBXGroup;
			children = (
				B71762601CEC4D3B0043F738 /* AppDelegate.h */,
				B71762611CEC4D3B0043F738 /* AppDelegate.m */,
				B71762631CEC4D3B0043F738 /* ViewController.h */,
				B71762641CEC4D3B0043F738 /* ViewController.m */,
				B71762661CEC4D3B0043F738 /* Main.storyboard */,
				B71762691CEC4D3B0043F738 /* Assets.xcassets */,
				B717626B1CEC4D3B0043F738 /* LaunchScreen.storyboard */,
				B717626E1CEC4D3B0043F738 /* Info.plist */,
				B71762741CEC4ED60043F738 /* iconfont.ttf */,
				B70EC85B1CEC51AC0049534B /* envon.ttf */,
				B717625D1CEC4D3B0043F738 /* Supporting Files */,
			);
			path = iconfont;
			sourceTree = "<group>";
		};
		B717625D1CEC4D3B0043F738 /* Supporting Files */ = {
			isa = PBXGroup;
			children = (
				B717625E1CEC4D3B0043F738 /* main.m */,
			);
			name = "Supporting Files";
			sourceTree = "<group>";
		};
/* End PBXGroup section */

/* Begin PBXNativeTarget section */
		B71762591CEC4D3B0043F738 /* iconfont */ = {
			isa = PBXNativeTarget;
			buildConfigurationList = B71762711CEC4D3B0043F738 /* Build configuration list for PBXNativeTarget "iconfont" */;
			buildPhases = (
				B71762561CEC4D3B0043F738 /* Sources */,
				B71762571CEC4D3B0043F738 /* Frameworks */,
				B71762581CEC4D3B0043F738 /* Resources */,
			);
			buildRules = (
			);
			dependencies = (
			);
			name = iconfont;
			productName = iconfont;
			productReference = B717625A1CEC4D3B0043F738 /* iconfont.app */;
			productType = "com.apple.product-type.application";
		};
/* End PBXNativeTarget section */

/* Begin PBXProject section */
		B71762521CEC4D3B0043F738 /* Project object */ = {
			isa = PBXProject;
			attributes = {
				LastUpgradeCheck = 0730;
				ORGANIZATIONNAME = chenyingwang;
				TargetAttributes = {
					B71762591CEC4D3B0043F738 = {
						CreatedOnToolsVersion = 7.3;
					};
				};
			};
			buildConfigurationList = B71762551CEC4D3B0043F738 /* Build configuration list for PBXProject "iconfont" */;
			compatibilityVersion = "Xcode 3.2";
			developmentRegion = English;
			hasScannedForEncodings = 0;
			knownRegions = (
				en,
				Base,
			);
			mainGroup = B71762511CEC4D3B0043F738;
			productRefGroup = B717625B1CEC4D3B0043F738 /* Products */;
			projectDirPath = "";
			projectRoot = "";
			targets = (
				B71762591CEC4D3B0043F738 /* iconfont */,
			);
		};
/* End PBXProject section */

/* Begin PBXResourcesBuildPhase section */
		B71762581CEC4D3B0043F738 /* Resources */ = {
			isa = PBXResourcesBuildPhase;
			buildActionMask = 2147483647;
			files = (
				B70EC85C1CEC51AC0049534B /* envon.ttf in Resources */,
				B71762751CEC4ED60043F738 /* iconfont.ttf in Resources */,
				B717626D1CEC4D3B0043F738 /* LaunchScreen.storyboard in Resources */,
				B717626A1CEC4D3B0043F738 /* Assets.xcassets in Resources */,
				B71762681CEC4D3B0043F738 /* Main.storyboard in Resources */,
			);
			runOnlyForDeploymentPostprocessing = 0;
		};
/* End PBXResourcesBuildPhase section */

/* Begin PBXSourcesBuildPhase section */
		B71762561CEC4D3B0043F738 /* Sources */ = {
			isa = PBXSourcesBuildPhase;
			buildActionMask = 2147483647;
			files = (
				B71762651CEC4D3B0043F738 /* ViewController.m in Sources */,
				B71762621CEC4D3B0043F738 /* AppDelegate.m in Sources */,
				B717625F1CEC4D3B0043F738 /* main.m in Sources */,
			);
			runOnlyForDeploymentPostprocessing = 0;
		};
/* End PBXSourcesBuildPhase section */

/* Begin PBXVariantGroup section */
		B71762661CEC4D3B0043F738 /* Main.storyboard */ = {
			isa = PBXVariantGroup;
			children = (
				B71762671CEC4D3B0043F738 /* Base */,
			);
			name = Main.storyboard;
			sourceTree = "<group>";
		};
		B717626B1CEC4D3B0043F738 /* LaunchScreen.storyboard */ = {
			isa = PBXVariantGroup;
			children = (
				B717626C1CEC4D3B0043F738 /* Base */,
			);
			name = LaunchScreen.storyboard;
			sourceTree = "<group>";
		};
/* End PBXVariantGroup section */

/* Begin XCBuildConfiguration section */
		B717626F1CEC4D3B0043F738 /* Debug */ = {
			isa = XCBuildConfiguration;
			buildSettings = {
				ALWAYS_SEARCH_USER_PATHS = NO;
				CLANG_ANALYZER_NONNULL = YES;
				CLANG_CXX_LANGUAGE_STANDARD = "gnu++0x";
				CLANG_CXX_LIBRARY = "libc++";
				CLANG_ENABLE_MODULES = YES;
				CLANG_ENABLE_OBJC_ARC = YES;
				CLANG_WARN_BOOL_CONVERSION = YES;
				CLANG_WARN_CONSTANT_CONVERSION = YES;
				CLANG_WARN_DIRECT_OBJC_ISA_USAGE = YES_ERROR;
				CLANG_WARN_EMPTY_BODY = YES;
				CLANG_WARN_ENUM_CONVERSION = YES;
				CLANG_WARN_INT_CONVERSION = YES;
				CLANG_WARN_OBJC_ROOT_CLASS = YES_ERROR;
				CLANG_WARN_UNREACHABLE_CODE = YES;
				CLANG_WARN__DUPLICATE_METHOD_MATCH = YES;
				"CODE_SIGN_IDENTITY[sdk=iphoneos*]" = "iPhone Developer";
				COPY_PHASE_STRIP = NO;
				DEBUG_INFORMATION_FORMAT = dwarf;
				ENABLE_STRICT_OBJC_MSGSEND = YES;
				ENABLE_TESTABILITY = YES;
				GCC_C_LANGUAGE_STANDARD = gnu99;
				GCC_DYNAMIC_NO_PIC = NO;
				GCC_NO_COMMON_BLOCKS = YES;
				GCC_OPTIMIZATION_LEVEL = 0;
				GCC_PREPROCESSOR_DEFINITIONS = (
					"DEBUG=1",
					"$(inherited)",
				);
				GCC_WARN_64_TO_32_BIT_CONVERSION = YES;
				GCC_WARN_ABOUT_RETURN_TYPE = YES_ERROR;
				GCC_WARN_UNDECLARED_SELECTOR = YES;
				GCC_WARN_UNINITIALIZED_AUTOS = YES_AGGRESSIVE;
				GCC_WARN_UNUSED_FUNCTION = YES;
				GCC_WARN_UNUSED_VARIABLE = YES;
				IPHONEOS_DEPLOYMENT_TARGET = 9.3;
				MTL_ENABLE_DEBUG_INFO = YES;
				ONLY_ACTIVE_ARCH = YES;
				SDKROOT = iphoneos;
			};
			name = Debug;
		};
		B71762701CEC4D3B0043F738 /* Release */ = {
			isa = XCBuildConfiguration;
			buildSettings = {
				ALWAYS_SEARCH_USER_PATHS = NO;
				CLANG_ANALYZER_NONNULL = YES;
				CLANG_CXX_LANGUAGE_STANDARD = "gnu++0x";
				CLANG_CXX_LIBRARY = "libc++";
				CLANG_ENABLE_MODULES = YES;
				CLANG_ENABLE_OBJC_ARC = YES;
				CLANG_WARN_BOOL_CONVERSION = YES;
				CLANG_WARN_CONSTANT_CONVERSION = YES;
				CLANG_WARN_DIRECT_OBJC_ISA_USAGE = YES_ERROR;
				CLANG_WARN_EMPTY_BODY = YES;
				CLANG_WARN_ENUM_CONVERSION = YES;
				CLANG_WARN_INT_CONVERSION = YES;
				CLANG_WARN_OBJC_ROOT_CLASS = YES_ERROR;
				CLANG_WARN_UNREACHABLE_CODE = YES;
				CLANG_WARN__DUPLICATE_METHOD_MATCH = YES;
				"CODE_SIGN_IDENTITY[sdk=iphoneos*]" = "iPhone Developer";
				COPY_PHASE_STRIP = NO;
				DEBUG_INFORMATION_FORMAT = "dwarf-with-dsym";
				ENABLE_NS_ASSERTIONS = NO;
				ENABLE_STRICT_OBJC_MSGSEND = YES;
				GCC_C_LANGUAGE_STANDARD = gnu99;
				GCC_NO_COMMON_BLOCKS = YES;
				GCC_WARN_64_TO_32_BIT_CONVERSION = YES;
				GCC_WARN_ABOUT_RETURN_TYPE = YES_ERROR;
				GCC_WARN_UNDECLARED_SELECTOR = YES;
				GCC_WARN_UNINITIALIZED_AUTOS = YES_AGGRESSIVE;
				GCC_WARN_UNUSED_FUNCTION = YES;
				GCC_WARN_UNUSED_VARIABLE = YES;
				IPHONEOS_DEPLOYMENT_TARGET = 9.3;
				MTL_ENABLE_DEBUG_INFO = NO;
				SDKROOT = iphoneos;
				VALIDATE_PRODUCT = YES;
			};
			name = Release;
		};
		B71762721CEC4D3B0043F738 /* Debug */ = {
			isa = XCBuildConfiguration;
			buildSettings = {
				ASSETCATALOG_COMPILER_APPICON_NAME = AppIcon;
				INFOPLIST_FILE = iconfont/Info.plist;
				LD_RUNPATH_SEARCH_PATHS = "$(inherited) @executable_path/Frameworks";
				PRODUCT_BUNDLE_IDENTIFIER = com.eelly.iconfont;
				PRODUCT_NAME = "$(TARGET_NAME)";
			};
			name = Debug;
		};
		B71762731CEC4D3B0043F738 /* Release */ = {
			isa = XCBuildConfiguration;
			buildSettings = {
				ASSETCATALOG_COMPILER_APPICON_NAME = AppIcon;
				INFOPLIST_FILE = iconfont/Info.plist;
				LD_RUNPATH_SEARCH_PATHS = "$(inherited) @executable_path/Frameworks";
				PRODUCT_BUNDLE_IDENTIFIER = com.eelly.iconfont;
				PRODUCT_NAME = "$(TARGET_NAME)";
			};
			name = Release;
		};
/* End XCBuildConfiguration section */

/* Begin XCConfigurationList section */
		B71762551CEC4D3B0043F738 /* Build configuration list for PBXProject "iconfont" */ = {
			isa = XCConfigurationList;
			buildConfigurations = (
				B717626F1CEC4D3B0043F738 /* Debug */,
				B71762701CEC4D3B0043F738 /* Release */,
			);
			defaultConfigurationIsVisible = 0;
			defaultConfigurationName = Release;
		};
		B71762711CEC4D3B0043F738 /* Build configuration list for PBXNativeTarget "iconfont" */ = {
			isa = XCConfigurationList;
			buildConfigurations = (
				B71762721CEC4D3B0043F738 /* Debug */,
				B71762731CEC4D3B0043F738 /* Release */,
			);
			defaultConfigurationIsVisible = 0;
			defaultConfigurationName = Release;
		};
/* End XCConfigurationList section */
	};
	rootObject = B71762521CEC4D3B0043F738 /* Project object */;
}
